dependencies:
  espressif/led_strip:
    component_hash: 
      f0d1b7f93eb3ee57bcfd220656176b0b5616e1947f89ed44364555cf910c4840
    dependencies:
    - name: idf
      require: private
      version: '>=5.0'
    source:
      registry_url: https://components.espressif.com/
      type: service
    version: 3.0.2
  espressif/usb_host_hid:
    component_hash: 
      824d49e67771af546c29d916bd8d7d3526cd2ff5e082d9021cab66d5f9c2b9bc
    dependencies:
    - name: idf
      require: private
      version: '>=4.4'
    - name: espressif/usb
      registry_url: https://components.espressif.com
      require: public
      rules:
      - if: idf_version >=6.0
      - if: target not in ["linux"]
      version: ^1.0.0
    source:
      registry_url: https://components.espressif.com/
      type: service
    targets:
    - esp32s2
    - esp32s3
    - esp32p4
    - esp32h4
    - linux
    version: 1.0.4
  idf:
    source:
      type: idf
    version: 5.4.3
direct_dependencies:
- espressif/led_strip
- espressif/usb_host_hid
- idf
manifest_hash: 0365076dbde230998c4de8ac3be3348b7c1aab9f7efa21627a29749c1050bae6
target: esp32s3
version: 2.0.0
